lockfileVersion: '6.0'

settings:
  autoInstallPeers: true
  excludeLinksFromLockfile: false

dependencies:
  '@emotion/react':
    specifier: ^11.11.0
    version: 11.14.0(@types/react@19.2.14)(react@18.2.0)
  '@emotion/styled':
    specifier: ^11.11.0
    version: 11.14.1(@emotion/react@11.14.0)(@types/react@19.2.14)(react@18.2.0)
  '@mui/icons-material':
    specifier: 7.3.8
    version: 7.3.8(@mui/material@5.18.0)(@types/react@19.2.14)(react@18.2.0)
  '@mui/material':
    specifier: ^5.15.0
    version: 5.18.0(@emotion/react@11.14.0)(@emotion/styled@11.14.1)(@types/react@19.2.14)(react-dom@18.2.0)(react@18.2.0)
  '@mui/system':
    specifier: ^5.15.0
    version: 5.18.0(@emotion/react@11.14.0)(@emotion/styled@11.14.1)(@types/react@19.2.14)(react@18.2.0)
  react:
    specifier: 18.2.0
    version: 18.2.0
  react-dom:
    specifier: 18.2.0
    version: 18.2.0(react@18.2.0)

devDependencies:
  typescript:
    specifier: 3.3.3
    version: 3.3.3

packages:

  /@babel/code-frame@7.29.0:
    resolution: {integrity: sha512-9NhCeYjq9+3uxgdtp20LSiJXJvN0FeCtNGpJxuMFZ1Kv3cWUNb6DOhJwUvcVCzKGR66cw4njwM6hrJLqgOwbcw==}
    engines: {node: '>=6.9.0'}
    dependencies:
      '@babel/helper-validator-identifier': 7.28.5
      js-tokens: 4.0.0
      picocolors: 1.1.1
    dev: false

  /@babel/generator@7.29.1:
    resolution: {integrity: sha512-qsaF+9Qcm2Qv8SRIMMscAvG4O3lJ0F1GuMo5HR/Bp02LopNgnZBC/EkbevHFeGs4ls/oPz9v+Bsmzbkbe+0dUw==}
    engines: {node: '>=6.9.0'}
    dependencies:
      '@babel/parser': 7.29.0
      '@babel/types': 7.29.0
      '@jridgewell/gen-mapping': 0.3.13
      '@jridgewell/trace-mapping': 0.3.31
      jsesc: 3.1.0
    dev: false

  /@babel/helper-globals@7.28.0:
    resolution: {integrity: sha512-+W6cISkXFa1jXsDEdYA8HeevQT/FULhxzR99pxphltZcVaugps53THCeiWA8SguxxpSp3gKPiuYfSWopkLQ4hw==}
    engines: {node: '>=6.9.0'}
    dev: false

  /@babel/helper-module-imports@7.28.6:
    resolution: {integrity: sha512-l5XkZK7r7wa9LucGw9LwZyyCUscb4x37JWTPz7swwFE/0FMQAGpiWUZn8u9DzkSBWEcK25jmvubfpw2dnAMdbw==}
    engines: {node: '>=6.9.0'}
    dependencies:
      '@babel/traverse': 7.29.0
      '@babel/types': 7.29.0
    transitivePeerDependencies:
      - supports-color
    dev: false

  /@babel/helper-string-parser@7.27.1:
    resolution: {integrity: sha512-qMlSxKbpRlAridDExk92nSobyDdpPijUq2DW6oDnUqd0iOGxmQjyqhMIihI9+zv4LPyZdRje2cavWPbCbWm3eA==}
    engines: {node: '>=6.9.0'}
    dev: false

  /@babel/helper-validator-identifier@7.28.5:
    resolution: {integrity: sha512-qSs4ifwzKJSV39ucNjsvc6WVHs6b7S03sOh2OcHF9UHfVPqWWALUsNUVzhSBiItjRZoLHx7nIarVjqKVusUZ1Q==}
    engines: {node: '>=6.9.0'}
    dev: false

  /@babel/parser@7.29.0:
    resolution: {integrity: sha512-IyDgFV5GeDUVX4YdF/3CPULtVGSXXMLh1xVIgdCgxApktqnQV0r7/8Nqthg+8YLGaAtdyIlo2qIdZrbCv4+7ww==}
    engines: {node: '>=6.0.0'}
    hasBin: true
    dependencies:
      '@babel/types': 7.29.0
    dev: false

  /@babel/runtime@7.28.6:
    resolution: {integrity: sha512-05WQkdpL9COIMz4LjTxGpPNCdlpyimKppYNoJ5Di5EUObifl8t4tuLuUBBZEpoLYOmfvIWrsp9fCl0HoPRVTdA==}
    engines: {node: '>=6.9.0'}
    dev: false

  /@babel/template@7.28.6:
    resolution: {integrity: sha512-YA6Ma2KsCdGb+WC6UpBVFJGXL58MDA6oyONbjyF/+5sBgxY/dwkhLogbMT2GXXyU84/IhRw/2D1Os1B/giz+BQ==}
    engines: {node: '>=6.9.0'}
    dependencies:
      '@babel/code-frame': 7.29.0
      '@babel/parser': 7.29.0
      '@babel/types': 7.29.0
    dev: false

  /@babel/traverse@7.29.0:
    resolution: {integrity: sha512-4HPiQr0X7+waHfyXPZpWPfWL/J7dcN1mx9gL6WdQVMbPnF3+ZhSMs8tCxN7oHddJE9fhNE7+lxdnlyemKfJRuA==}
    engines: {node: '>=6.9.0'}
    dependencies:
      '@babel/code-frame': 7.29.0
      '@babel/generator': 7.29.1
      '@babel/helper-globals': 7.28.0
      '@babel/parser': 7.29.0
      '@babel/template': 7.28.6
      '@babel/types': 7.29.0
      debug: 4.4.3
    transitivePeerDependencies:
      - supports-color
    dev: false

  /@babel/types@7.29.0:
    resolution: {integrity: sha512-LwdZHpScM4Qz8Xw2iKSzS+cfglZzJGvofQICy7W7v4caru4EaAmyUuO6BGrbyQ2mYV11W0U8j5mBhd14dd3B0A==}
    engines: {node: '>=6.9.0'}
    dependencies:
      '@babel/helper-string-parser': 7.27.1
      '@babel/helper-validator-identifier': 7.28.5
    dev: false

  /@emotion/babel-plugin@11.13.5:
    resolution: {integrity: sha512-pxHCpT2ex+0q+HH91/zsdHkw/lXd468DIN2zvfvLtPKLLMo6gQj7oLObq8PhkrxOZb/gGCq03S3Z7PDhS8pduQ==}
    dependencies:
      '@babel/helper-module-imports': 7.28.6
      '@babel/runtime': 7.28.6
      '@emotion/hash': 0.9.2
      '@emotion/memoize': 0.9.0
      '@emotion/serialize': 1.3.3
      babel-plugin-macros: 3.1.0
      convert-source-map: 1.9.0
      escape-string-regexp: 4.0.0
      find-root: 1.1.0
      source-map: 0.5.7
      stylis: 4.2.0
    transitivePeerDependencies:
      - supports-color
    dev: false

  /@emotion/cache@11.14.0:
    resolution: {integrity: sha512-L/B1lc/TViYk4DcpGxtAVbx0ZyiKM5ktoIyafGkH6zg/tj+mA+NE//aPYKG0k8kCHSHVJrpLpcAlOBEXQ3SavA==}
    dependencies:
      '@emotion/memoize': 0.9.0
      '@emotion/sheet': 1.4.0
      '@emotion/utils': 1.4.2
      '@emotion/weak-memoize': 0.4.0
      stylis: 4.2.0
    dev: false

  /@emotion/hash@0.9.2:
    resolution: {integrity: sha512-MyqliTZGuOm3+5ZRSaaBGP3USLw6+EGykkwZns2EPC5g8jJ4z9OrdZY9apkl3+UP9+sdz76YYkwCKP5gh8iY3g==}
    dev: false

  /@emotion/is-prop-valid@1.4.0:
    resolution: {integrity: sha512-QgD4fyscGcbbKwJmqNvUMSE02OsHUa+lAWKdEUIJKgqe5IwRSKd7+KhibEWdaKwgjLj0DRSHA9biAIqGBk05lw==}
    dependencies:
      '@emotion/memoize': 0.9.0
    dev: false

  /@emotion/memoize@0.9.0:
    resolution: {integrity: sha512-30FAj7/EoJ5mwVPOWhAyCX+FPfMDrVecJAM+Iw9NRoSl4BBAQeqj4cApHHUXOVvIPgLVDsCFoz/hGD+5QQD1GQ==}
    dev: false

  /@emotion/react@11.14.0(@types/react@19.2.14)(react@18.2.0):
    resolution: {integrity: sha512-O000MLDBDdk/EohJPFUqvnp4qnHeYkVP5B0xEG0D/L7cOKP9kefu2DXn8dj74cQfsEzUqh+sr1RzFqiL1o+PpA==}
    peerDependencies:
      '@types/react': '*'
      react: '>=16.8.0'
    peerDependenciesMeta:
      '@types/react':
        optional: true
    dependencies:
      '@babel/runtime': 7.28.6
      '@emotion/babel-plugin': 11.13.5
      '@emotion/cache': 11.14.0
      '@emotion/serialize': 1.3.3
      '@emotion/use-insertion-effect-with-fallbacks': 1.2.0(react@18.2.0)
      '@emotion/utils': 1.4.2
      '@emotion/weak-memoize': 0.4.0
      '@types/react': 19.2.14
      hoist-non-react-statics: 3.3.2
      react: 18.2.0
    transitivePeerDependencies:
      - supports-color
    dev: false

  /@emotion/serialize@1.3.3:
    resolution: {integrity: sha512-EISGqt7sSNWHGI76hC7x1CksiXPahbxEOrC5RjmFRJTqLyEK9/9hZvBbiYn70dw4wuwMKiEMCUlR6ZXTSWQqxA==}
    dependencies:
      '@emotion/hash': 0.9.2
      '@emotion/memoize': 0.9.0
      '@emotion/unitless': 0.10.0
      '@emotion/utils': 1.4.2
      csstype: 3.2.3
    dev: false

  /@emotion/sheet@1.4.0:
    resolution: {integrity: sha512-fTBW9/8r2w3dXWYM4HCB1Rdp8NLibOw2+XELH5m5+AkWiL/KqYX6dc0kKYlaYyKjrQ6ds33MCdMPEwgs2z1rqg==}
    dev: false

  /@emotion/styled@11.14.1(@emotion/react@11.14.0)(@types/react@19.2.14)(react@18.2.0):
    resolution: {integrity: sha512-qEEJt42DuToa3gurlH4Qqc1kVpNq8wO8cJtDzU46TjlzWjDlsVyevtYCRijVq3SrHsROS+gVQ8Fnea108GnKzw==}
    peerDependencies:
      '@emotion/react': ^11.0.0-rc.0
      '@types/react': '*'
      react: '>=16.8.0'
    peerDependenciesMeta:
      '@types/react':
        optional: true
    dependencies:
      '@babel/runtime': 7.28.6
      '@emotion/babel-plugin': 11.13.5
      '@emotion/is-prop-valid': 1.4.0
      '@emotion/react': 11.14.0(@types/react@19.2.14)(react@18.2.0)
      '@emotion/serialize': 1.3.3
      '@emotion/use-insertion-effect-with-fallbacks': 1.2.0(react@18.2.0)
      '@emotion/utils': 1.4.2
      '@types/react': 19.2.14
      react: 18.2.0
    transitivePeerDependencies:
      - supports-color
    dev: false

  /@emotion/unitless@0.10.0:
    resolution: {integrity: sha512-dFoMUuQA20zvtVTuxZww6OHoJYgrzfKM1t52mVySDJnMSEa08ruEvdYQbhvyu6soU+NeLVd3yKfTfT0NeV6qGg==}
    dev: false

  /@emotion/use-insertion-effect-with-fallbacks@1.2.0(react@18.2.0):
    resolution: {integrity: sha512-yJMtVdH59sxi/aVJBpk9FQq+OR8ll5GT8oWd57UpeaKEVGab41JWaCFA7FRLoMLloOZF/c/wsPoe+bfGmRKgDg==}
    peerDependencies:
      react: '>=16.8.0'
    dependencies:
      react: 18.2.0
    dev: false

  /@emotion/utils@1.4.2:
    resolution: {integrity: sha512-3vLclRofFziIa3J2wDh9jjbkUz9qk5Vi3IZ/FSTKViB0k+ef0fPV7dYrUIugbgupYDx7v9ud/SjrtEP8Y4xLoA==}
    dev: false

  /@emotion/weak-memoize@0.4.0:
    resolution: {integrity: sha512-snKqtPW01tN0ui7yu9rGv69aJXr/a/Ywvl11sUjNtEcRc+ng/mQriFL0wLXMef74iHa/EkftbDzU9F8iFbH+zg==}
    dev: false

  /@jridgewell/gen-mapping@0.3.13:
    resolution: {integrity: sha512-2kkt/7niJ6MgEPxF0bYdQ6etZaA+fQvDcLKckhy1yIQOzaoKjBBjSj63/aLVjYE3qhRt5dvM+uUyfCg6UKCBbA==}
    dependencies:
      '@jridgewell/sourcemap-codec': 1.5.5
      '@jridgewell/trace-mapping': 0.3.31
    dev: false

  /@jridgewell/resolve-uri@3.1.2:
    resolution: {integrity: sha512-bRISgCIjP20/tbWSPWMEi54QVPRZExkuD9lJL+UIxUKtwVJA8wW1Trb1jMs1RFXo1CBTNZ/5hpC9QvmKWdopKw==}
    engines: {node: '>=6.0.0'}
    dev: false

  /@jridgewell/sourcemap-codec@1.5.5:
    resolution: {integrity: sha512-cYQ9310grqxueWbl+WuIUIaiUaDcj7WOq5fVhEljNVgRfOUhY9fy2zTvfoqWsnebh8Sl70VScFbICvJnLKB0Og==}
    dev: false

  /@jridgewell/trace-mapping@0.3.31:
    resolution: {integrity: sha512-zzNR+SdQSDJzc8joaeP8QQoCQr8NuYx2dIIytl1QeBEZHJ9uW6hebsrYgbz8hJwUQao3TWCMtmfV8Nu1twOLAw==}
    dependencies:
      '@jridgewell/resolve-uri': 3.1.2
      '@jridgewell/sourcemap-codec': 1.5.5
    dev: false

  /@mui/core-downloads-tracker@5.18.0:
    resolution: {integrity: sha512-jbhwoQ1AY200PSSOrNXmrFCaSDSJWP7qk6urkTmIirvRXDROkqe+QwcLlUiw/PrREwsIF/vm3/dAXvjlMHF0RA==}
    dev: false

  /@mui/icons-material@7.3.8(@mui/material@5.18.0)(@types/react@19.2.14)(react@18.2.0):
    resolution: {integrity: sha512-88sWg/UJc1X82OMO+ISR4E3P58I3BjFVg0qkmDu7OWlN8VijneZD3ylFA+ImxuPjMHW3SHosfSJYy1fztoz0fw==}
    engines: {node: '>=14.0.0'}
    peerDependencies:
      '@mui/material': ^7.3.8
      '@types/react': ^17.0.0 || ^18.0.0 || ^19.0.0
      react: ^17.0.0 || ^18.0.0 || ^19.0.0
    peerDependenciesMeta:
      '@types/react':
        optional: true
    dependencies:
      '@babel/runtime': 7.28.6
      '@mui/material': 5.18.0(@emotion/react@11.14.0)(@emotion/styled@11.14.1)(@types/react@19.2.14)(react-dom@18.2.0)(react@18.2.0)
      '@types/react': 19.2.14
      react: 18.2.0
    dev: false

  /@mui/material@5.18.0(@emotion/react@11.14.0)(@emotion/styled@11.14.1)(@types/react@19.2.14)(react-dom@18.2.0)(react@18.2.0):
    resolution: {integrity: sha512-bbH/HaJZpFtXGvWg3TsBWG4eyt3gah3E7nCNU8GLyRjVoWcA91Vm/T+sjHfUcwgJSw9iLtucfHBoq+qW/T30aA==}
    engines: {node: '>=12.0.0'}
    peerDependencies:
      '@emotion/react': ^11.5.0
      '@emotion/styled': ^11.3.0
      '@types/react': ^17.0.0 || ^18.0.0 || ^19.0.0
      react: ^17.0.0 || ^18.0.0 || ^19.0.0
      react-dom: ^17.0.0 || ^18.0.0 || ^19.0.0
    peerDependenciesMeta:
      '@emotion/react':
        optional: true
      '@emotion/styled':
        optional: true
      '@types/react':
        optional: true
    dependencies:
      '@babel/runtime': 7.28.6
      '@emotion/react': 11.14.0(@types/react@19.2.14)(react@18.2.0)
      '@emotion/styled': 11.14.1(@emotion/react@11.14.0)(@types/react@19.2.14)(react@18.2.0)
      '@mui/core-downloads-tracker': 5.18.0
      '@mui/system': 5.18.0(@emotion/react@11.14.0)(@emotion/styled@11.14.1)(@types/react@19.2.14)(react@18.2.0)
      '@mui/types': 7.2.24(@types/react@19.2.14)
      '@mui/utils': 5.17.1(@types/react@19.2.14)(react@18.2.0)
      '@popperjs/core': 2.11.8
      '@types/react': 19.2.14
      '@types/react-transition-group': 4.4.12(@types/react@19.2.14)
      clsx: 2.1.1
      csstype: 3.2.3
      prop-types: 15.8.1
      react: 18.2.0
      react-dom: 18.2.0(react@18.2.0)
      react-is: 19.2.4
      react-transition-group: 4.4.5(react-dom@18.2.0)(react@18.2.0)
    dev: false

  /@mui/private-theming@5.17.1(@types/react@19.2.14)(react@18.2.0):
    resolution: {integrity: sha512-XMxU0NTYcKqdsG8LRmSoxERPXwMbp16sIXPcLVgLGII/bVNagX0xaheWAwFv8+zDK7tI3ajllkuD3GZZE++ICQ==}
    engines: {node: '>=12.0.0'}
    peerDependencies:
      '@types/react': ^17.0.0 || ^18.0.0 || ^19.0.0
      react: ^17.0.0 || ^18.0.0 || ^19.0.0
    peerDependenciesMeta:
      '@types/react':
        optional: true
    dependencies:
      '@babel/runtime': 7.28.6
      '@mui/utils': 5.17.1(@types/react@19.2.14)(react@18.2.0)
      '@types/react': 19.2.14
      prop-types: 15.8.1
      react: 18.2.0
    dev: false

  /@mui/styled-engine@5.18.0(@emotion/react@11.14.0)(@emotion/styled@11.14.1)(react@18.2.0):
    resolution: {integrity: sha512-BN/vKV/O6uaQh2z5rXV+MBlVrEkwoS/TK75rFQ2mjxA7+NBo8qtTAOA4UaM0XeJfn7kh2wZ+xQw2HAx0u+TiBg==}
    engines: {node: '>=12.0.0'}
    peerDependencies:
      '@emotion/react': ^11.4.1
      '@emotion/styled': ^11.3.0
      react: ^17.0.0 || ^18.0.0 || ^19.0.0
    peerDependenciesMeta:
      '@emotion/react':
        optional: true
      '@emotion/styled':
        optional: true
    dependencies:
      '@babel/runtime': 7.28.6
      '@emotion/cache': 11.14.0
      '@emotion/react': 11.14.0(@types/react@19.2.14)(react@18.2.0)
      '@emotion/serialize': 1.3.3
      '@emotion/styled': 11.14.1(@emotion/react@11.14.0)(@types/react@19.2.14)(react@18.2.0)
      csstype: 3.2.3
      prop-types: 15.8.1
      react: 18.2.0
    dev: false

  /@mui/system@5.18.0(@emotion/react@11.14.0)(@emotion/styled@11.14.1)(@types/react@19.2.14)(react@18.2.0):
    resolution: {integrity: sha512-ojZGVcRWqWhu557cdO3pWHloIGJdzVtxs3rk0F9L+x55LsUjcMUVkEhiF7E4TMxZoF9MmIHGGs0ZX3FDLAf0Xw==}
    engines: {node: '>=12.0.0'}
    peerDependencies:
      '@emotion/react': ^11.5.0
      '@emotion/styled': ^11.3.0
      '@types/react': ^17.0.0 || ^18.0.0 || ^19.0.0
      react: ^17.0.0 || ^18.0.0 || ^19.0.0
    peerDependenciesMeta:
      '@emotion/react':
        optional: true
      '@emotion/styled':
        optional: true
      '@types/react':
        optional: true
    dependencies:
      '@babel/runtime': 7.28.6
      '@emotion/react': 11.14.0(@types/react@19.2.14)(react@18.2.0)
      '@emotion/styled': 11.14.1(@emotion/react@11.14.0)(@types/react@19.2.14)(react@18.2.0)
      '@mui/private-theming': 5.17.1(@types/react@19.2.14)(react@18.2.0)
      '@mui/styled-engine': 5.18.0(@emotion/react@11.14.0)(@emotion/styled@11.14.1)(react@18.2.0)
      '@mui/types': 7.2.24(@types/react@19.2.14)
      '@mui/utils': 5.17.1(@types/react@19.2.14)(react@18.2.0)
      '@types/react': 19.2.14
      clsx: 2.1.1
      csstype: 3.2.3
      prop-types: 15.8.1
      react: 18.2.0
    dev: false

  /@mui/types@7.2.24(@types/react@19.2.14):
    resolution: {integrity: sha512-3c8tRt/CbWZ+pEg7QpSwbdxOk36EfmhbKf6AGZsD1EcLDLTSZoxxJ86FVtcjxvjuhdyBiWKSTGZFaXCnidO2kw==}
    peerDependencies:
      '@types/react': ^17.0.0 || ^18.0.0 || ^19.0.0
    peerDependenciesMeta:
      '@types/react':
        optional: true
    dependencies:
      '@types/react': 19.2.14
    dev: false

  /@mui/utils@5.17.1(@types/react@19.2.14)(react@18.2.0):
    resolution: {integrity: sha512-jEZ8FTqInt2WzxDV8bhImWBqeQRD99c/id/fq83H0ER9tFl+sfZlaAoCdznGvbSQQ9ividMxqSV2c7cC1vBcQg==}
    engines: {node: '>=12.0.0'}
    peerDependencies:
      '@types/react': ^17.0.0 || ^18.0.0 || ^19.0.0
      react: ^17.0.0 || ^18.0.0 || ^19.0.0
    peerDependenciesMeta:
      '@types/react':
        optional: true
    dependencies:
      '@babel/runtime': 7.28.6
      '@mui/types': 7.2.24(@types/react@19.2.14)
      '@types/prop-types': 15.7.15
      '@types/react': 19.2.14
      clsx: 2.1.1
      prop-types: 15.8.1
      react: 18.2.0
      react-is: 19.2.4
    dev: false

  /@popperjs/core@2.11.8:
    resolution: {integrity: sha512-P1st0aksCrn9sGZhp8GMYwBnQsbvAWsZAX44oXNNvLHGqAOcoVxmjZiohstwQ7SqKnbR47akdNi+uleWD8+g6A==}
    dev: false

  /@types/parse-json@4.0.2:
    resolution: {integrity: sha512-dISoDXWWQwUquiKsyZ4Ng+HX2KsPL7LyHKHQwgGFEA3IaKac4Obd+h2a/a6waisAoepJlBcx9paWqjA8/HVjCw==}
    dev: false

  /@types/prop-types@15.7.15:
    resolution: {integrity: sha512-F6bEyamV9jKGAFBEmlQnesRPGOQqS2+Uwi0Em15xenOxHaf2hv6L8YCVn3rPdPJOiJfPiCnLIRyvwVaqMY3MIw==}
    dev: false

  /@types/react-transition-group@4.4.12(@types/react@19.2.14):
    resolution: {integrity: sha512-8TV6R3h2j7a91c+1DXdJi3Syo69zzIZbz7Lg5tORM5LEJG7X/E6a1V3drRyBRZq7/utz7A+c4OgYLiLcYGHG6w==}
    peerDependencies:
      '@types/react': '*'
    dependencies:
      '@types/react': 19.2.14
    dev: false

  /@types/react@19.2.14:
    resolution: {integrity: sha512-ilcTH/UniCkMdtexkoCN0bI7pMcJDvmQFPvuPvmEaYA/NSfFTAgdUSLAoVjaRJm7+6PvcM+q1zYOwS4wTYMF9w==}
    dependencies:
      csstype: 3.2.3
    dev: false

  /babel-plugin-macros@3.1.0:
    resolution: {integrity: sha512-Cg7TFGpIr01vOQNODXOOaGz2NpCU5gl8x1qJFbb6hbZxR7XrcE2vtbAsTAbJ7/xwJtUuJEw8K8Zr/AE0LHlesg==}
    engines: {node: '>=10', npm: '>=6'}
    dependencies:
      '@babel/runtime': 7.28.6
      cosmiconfig: 7.1.0
      resolve: 1.22.11
    dev: false

  /callsites@3.1.0:
    resolution: {integrity: sha512-P8BjAsXvZS+VIDUI11hHCQEv74YT67YUi5JJFNWIqL235sBmjX4+qx9Muvls5ivyNENctx46xQLQ3aTuE7ssaQ==}
    engines: {node: '>=6'}
    dev: false

  /clsx@2.1.1:
    resolution: {integrity: sha512-eYm0QWBtUrBWZWG0d386OGAw16Z995PiOVo2B7bjWSbHedGl5e0ZWaq65kOGgUSNesEIDkB9ISbTg/JK9dhCZA==}
    engines: {node: '>=6'}
    dev: false

  /convert-source-map@1.9.0:
    resolution: {integrity: sha512-ASFBup0Mz1uyiIjANan1jzLQami9z1PoYSZCiiYW2FczPbenXc45FZdBZLzOT+r6+iciuEModtmCti+hjaAk0A==}
    dev: false

  /cosmiconfig@7.1.0:
    resolution: {integrity: sha512-AdmX6xUzdNASswsFtmwSt7Vj8po9IuqXm0UXz7QKPuEUmPB4XyjGfaAr2PSuELMwkRMVH1EpIkX5bTZGRB3eCA==}
    engines: {node: '>=10'}
    dependencies:
      '@types/parse-json': 4.0.2
      import-fresh: 3.3.1
      parse-json: 5.2.0
      path-type: 4.0.0
      yaml: 1.10.2
    dev: false

  /csstype@3.2.3:
    resolution: {integrity: sha512-z1HGKcYy2xA8AGQfwrn0PAy+PB7X/GSj3UVJW9qKyn43xWa+gl5nXmU4qqLMRzWVLFC8KusUX8T/0kCiOYpAIQ==}
    dev: false

  /debug@4.4.3:
    resolution: {integrity: sha512-RGwwWnwQvkVfavKVt22FGLw+xYSdzARwm0ru6DhTVA3umU5hZc28V3kO4stgYryrTlLpuvgI9GiijltAjNbcqA==}
    engines: {node: '>=6.0'}
    peerDependencies:
      supports-color: '*'
    peerDependenciesMeta:
      supports-color:
        optional: true
    dependencies:
      ms: 2.1.3
    dev: false

  /dom-helpers@5.2.1:
    resolution: {integrity: sha512-nRCa7CK3VTrM2NmGkIy4cbK7IZlgBE/PYMn55rrXefr5xXDP0LdtfPnblFDoVdcAfslJ7or6iqAUnx0CCGIWQA==}
    dependencies:
      '@babel/runtime': 7.28.6
      csstype: 3.2.3
    dev: false

  /error-ex@1.3.4:
    resolution: {integrity: sha512-sqQamAnR14VgCr1A618A3sGrygcpK+HEbenA/HiEAkkUwcZIIB/tgWqHFxWgOyDh4nB4JCRimh79dR5Ywc9MDQ==}
    dependencies:
      is-arrayish: 0.2.1
    dev: false

  /escape-string-regexp@4.0.0:
    resolution: {integrity: sha512-TtpcNJ3XAzx3Gq8sWRzJaVajRs0uVxA2YAkdb1jm2YkPz4G6egUFAyA3n5vtEIZefPk5Wa4UXbKuS5fKkJWdgA==}
    engines: {node: '>=10'}
    dev: false

  /find-root@1.1.0:
    resolution: {integrity: sha512-NKfW6bec6GfKc0SGx1e07QZY9PE99u0Bft/0rzSD5k3sO/vwkVUpDUKVm5Gpp5Ue3YfShPFTX2070tDs5kB9Ng==}
    dev: false

  /function-bind@1.1.2:
    resolution: {integrity: sha512-7XHNxH7qX9xG5mIwxkhumTox/MIRNcOgDrxWsMt2pAr23WHp6MrRlN7FBSFpCpr+oVO0F744iUgR82nJMfG2SA==}
    dev: false

  /hasown@2.0.2:
    resolution: {integrity: sha512-0hJU9SCPvmMzIBdZFqNPXWa6dqh7WdH0cII9y+CyS8rG3nL48Bclra9HmKhVVUHyPWNH5Y7xDwAB7bfgSjkUMQ==}
    engines: {node: '>= 0.4'}
    dependencies:
      function-bind: 1.1.2
    dev: false

  /hoist-non-react-statics@3.3.2:
    resolution: {integrity: sha512-/gGivxi8JPKWNm/W0jSmzcMPpfpPLc3dY/6GxhX2hQ9iGj3aDfklV4ET7NjKpSinLpJ5vafa9iiGIEZg10SfBw==}
    dependencies:
      react-is: 16.13.1
    dev: false

  /import-fresh@3.3.1:
    resolution: {integrity: sha512-TR3KfrTZTYLPB6jUjfx6MF9WcWrHL9su5TObK4ZkYgBdWKPOFoSoQIdEuTuR82pmtxH2spWG9h6etwfr1pLBqQ==}
    engines: {node: '>=6'}
    dependencies:
      parent-module: 1.0.1
      resolve-from: 4.0.0
    dev: false

  /is-arrayish@0.2.1:
    resolution: {integrity: sha512-zz06S8t0ozoDXMG+ube26zeCTNXcKIPJZJi8hBrF4idCLms4CG9QtK7qBl1boi5ODzFpjswb5JPmHCbMpjaYzg==}
    dev: false

  /is-core-module@2.16.1:
    resolution: {integrity: sha512-UfoeMA6fIJ8wTYFEUjelnaGI67v6+N7qXJEvQuIGa99l4xsCruSYOVSQ0uPANn4dAzm8lkYPaKLrrijLq7x23w==}
    engines: {node: '>= 0.4'}
    dependencies:
      hasown: 2.0.2
    dev: false

  /js-tokens@4.0.0:
    resolution: {integrity: sha512-RdJUflcE3cUzKiMqQgsCu06FPu9UdIJO0beYbPhHN4k6apgJtifcoCtT9bcxOpYBtpD2kCM6Sbzg4CausW/PKQ==}
    dev: false

  /jsesc@3.1.0:
    resolution: {integrity: sha512-/sM3dO2FOzXjKQhJuo0Q173wf2KOo8t4I8vHy6lF9poUp7bKT0/NHE8fPX23PwfhnykfqnC2xRxOnVw5XuGIaA==}
    engines: {node: '>=6'}
    hasBin: true
    dev: false

  /json-parse-even-better-errors@2.3.1:
    resolution: {integrity: sha512-xyFwyhro/JEof6Ghe2iz2NcXoj2sloNsWr/XsERDK/oiPCfaNhl5ONfp+jQdAZRQQ0IJWNzH9zIZF7li91kh2w==}
    dev: false

  /lines-and-columns@1.2.4:
    resolution: {integrity: sha512-7ylylesZQ/PV29jhEDl3Ufjo6ZX7gCqJr5F7PKrqc93v7fzSymt1BpwEU8nAUXs8qzzvqhbjhK5QZg6Mt/HkBg==}
    dev: false

  /loose-envify@1.4.0:
    resolution: {integrity: sha512-lyuxPGr/Wfhrlem2CL/UcnUc1zcqKAImBDzukY7Y5F/yQiNdko6+fRLevlw1HgMySw7f611UIY408EtxRSoK3Q==}
    hasBin: true
    dependencies:
      js-tokens: 4.0.0
    dev: false

  /ms@2.1.3:
    resolution: {integrity: sha512-6FlzubTLZG3J2a/NVCAleEhjzq5oxgHyaCU9yYXvcLsvoVaHJq/s5xXI6/XXP6tz7R9xAOtHnSO/tXtF3WRTlA==}
    dev: false

  /object-assign@4.1.1:
    resolution: {integrity: sha512-rJgTQnkUnH1sFw8yT6VSU3zD3sWmu6sZhIseY8VX+GRu3P6F7Fu+JNDoXfklElbLJSnc3FUQHVe4cU5hj+BcUg==}
    engines: {node: '>=0.10.0'}
    dev: false

  /parent-module@1.0.1:
    resolution: {integrity: sha512-GQ2EWRpQV8/o+Aw8YqtfZZPfNRWZYkbidE9k5rpl/hC3vtHHBfGm2Ifi6qWV+coDGkrUKZAxE3Lot5kcsRlh+g==}
    engines: {node: '>=6'}
    dependencies:
      callsites: 3.1.0
    dev: false

  /parse-json@5.2.0:
    resolution: {integrity: sha512-ayCKvm/phCGxOkYRSCM82iDwct8/EonSEgCSxWxD7ve6jHggsFl4fZVQBPRNgQoKiuV/odhFrGzQXZwbifC8Rg==}
    engines: {node: '>=8'}
    dependencies:
      '@babel/code-frame': 7.29.0
      error-ex: 1.3.4
      json-parse-even-better-errors: 2.3.1
      lines-and-columns: 1.2.4
    dev: false

  /path-parse@1.0.7:
    resolution: {integrity: sha512-LDJzPVEEEPR+y48z93A0Ed0yXb8pAByGWo/k5YYdYgpY2/2EsOsksJrq7lOHxryrVOn1ejG6oAp8ahvOIQD8sw==}
    dev: false

  /path-type@4.0.0:
    resolution: {integrity: sha512-gDKb8aZMDeD/tZWs9P6+q0J9Mwkdl6xMV8TjnGP3qJVJ06bdMgkbBlLU8IdfOsIsFz2BW1rNVT3XuNEl8zPAvw==}
    engines: {node: '>=8'}
    dev: false

  /picocolors@1.1.1:
    resolution: {integrity: sha512-xceH2snhtb5M9liqDsmEw56le376mTZkEX/jEb/RxNFyegNul7eNslCXP9FDj/Lcu0X8KEyMceP2ntpaHrDEVA==}
    dev: false

  /prop-types@15.8.1:
    resolution: {integrity: sha512-oj87CgZICdulUohogVAR7AjlC0327U4el4L6eAvOqCeudMDVU0NThNaV+b9Df4dXgSP1gXMTnPdhfe/2qDH5cg==}
    dependencies:
      loose-envify: 1.4.0
      object-assign: 4.1.1
      react-is: 16.13.1
    dev: false

  /react-dom@18.2.0(react@18.2.0):
    resolution: {integrity: sha512-6IMTriUmvsjHUjNtEDudZfuDQUoWXVxKHhlEGSk81n4YFS+r/Kl99wXiwlVXtPBtJenozv2P+hxDsw9eA7Xo6g==}
    peerDependencies:
      react: ^18.2.0
    dependencies:
      loose-envify: 1.4.0
      react: 18.2.0
      scheduler: 0.23.2
    dev: false

  /react-is@16.13.1:
    resolution: {integrity: sha512-24e6ynE2H+OKt4kqsOvNd8kBpV65zoxbA4BVsEOB3ARVWQki/DHzaUoC5KuON/BiccDaCCTZBuOcfZs70kR8bQ==}
    dev: false

  /react-is@19.2.4:
    resolution: {integrity: sha512-W+EWGn2v0ApPKgKKCy/7s7WHXkboGcsrXE+2joLyVxkbyVQfO3MUEaUQDHoSmb8TFFrSKYa9mw64WZHNHSDzYA==}
    dev: false

  /react-transition-group@4.4.5(react-dom@18.2.0)(react@18.2.0):
    resolution: {integrity: sha512-pZcd1MCJoiKiBR2NRxeCRg13uCXbydPnmB4EOeRrY7480qNWO8IIgQG6zlDkm6uRMsURXPuKq0GWtiM59a5Q6g==}
    peerDependencies:
      react: '>=16.6.0'
      react-dom: '>=16.6.0'
    dependencies:
      '@babel/runtime': 7.28.6
      dom-helpers: 5.2.1
      loose-envify: 1.4.0
      prop-types: 15.8.1
      react: 18.2.0
      react-dom: 18.2.0(react@18.2.0)
    dev: false

  /react@18.2.0:
    resolution: {integrity: sha512-/3IjMdb2L9QbBdWiW5e3P2/npwMBaU9mHCSCUzNln0ZCYbcfTsGbTJrU/kGemdH2IWmB2ioZ+zkxtmq6g09fGQ==}
    engines: {node: '>=0.10.0'}
    dependencies:
      loose-envify: 1.4.0
    dev: false

  /resolve-from@4.0.0:
    resolution: {integrity: sha512-pb/MYmXstAkysRFx8piNI1tGFNQIFA3vkE3Gq4EuA1dF6gHp/+vgZqsCGJapvy8N3Q+4o7FwvquPJcnZ7RYy4g==}
    engines: {node: '>=4'}
    dev: false

  /resolve@1.22.11:
    resolution: {integrity: sha512-RfqAvLnMl313r7c9oclB1HhUEAezcpLjz95wFH4LVuhk9JF/r22qmVP9AMmOU4vMX7Q8pN8jwNg/CSpdFnMjTQ==}
    engines: {node: '>= 0.4'}
    hasBin: true
    dependencies:
      is-core-module: 2.16.1
      path-parse: 1.0.7
      supports-preserve-symlinks-flag: 1.0.0
    dev: false

  /scheduler@0.23.2:
    resolution: {integrity: sha512-UOShsPwz7NrMUqhR6t0hWjFduvOzbtv7toDH1/hIrfRNIDBnnBWd0CwJTGvTpngVlmwGCdP9/Zl/tVrDqcuYzQ==}
    dependencies:
      loose-envify: 1.4.0
    dev: false

  /source-map@0.5.7:
    resolution: {integrity: sha512-LbrmJOMUSdEVxIKvdcJzQC+nQhe8FUZQTXQy6+I75skNgn3OoQ0DZA8YnFa7gp8tqtL3KPf1kmo0R5DoApeSGQ==}
    engines: {node: '>=0.10.0'}
    dev: false

  /stylis@4.2.0:
    resolution: {integrity: sha512-Orov6g6BB1sDfYgzWfTHDOxamtX1bE/zo104Dh9e6fqJ3PooipYyfJ0pUmrZO2wAvO8YbEyeFrkV91XTsGMSrw==}
    dev: false

  /supports-preserve-symlinks-flag@1.0.0:
    resolution: {integrity: sha512-ot0WnXS9fgdkgIcePe6RHNk1WA8+muPa6cSjeR3V8K27q9BB1rTE3R1p7Hv0z1ZyAc8s6Vvv8DIyWf681MAt0w==}
    engines: {node: '>= 0.4'}
    dev: false

  /typescript@3.3.3:
    resolution: {integrity: sha512-Y21Xqe54TBVp+VDSNbuDYdGw0BpoR/Q6wo/+35M8PAU0vipahnyduJWirxxdxjsAkS7hue53x2zp8gz7F05u0A==}
    engines: {node: '>=4.2.0'}
    hasBin: true
    dev: true

  /yaml@1.10.2:
    resolution: {integrity: sha512-r3vXyErRCYJ7wg28yvBY5VSoAF8ZvlcW9/BwUzEtUsjvX/DKs24dIkuwjtuprwJJHsbyUbLApepYTR1BN4uHrg==}
    engines: {node: '>= 6'}
    dev: false
